
Microsoft Visual Studio Solution File, Format Version 12.00
# Visual Studio Version 17
VisualStudioVersion = 17.4.33213.308
MinimumVisualStudioVersion = 10.0.40219.1
Project("{9A19103F-16F7-4668-BE54-9A1E7A4F7556}") = "TopShop.API", "TopShop.API.csproj", "{8AEB8CFF-40DD-4FCB-9BC6-810595CCA3D2}"
EndProject
Project("{9A19103F-16F7-4668-BE54-9A1E7A4F7556}") = "TopShop.DataAccess", "..\TopShop.DataAccess\TopShop.DataAccess.csproj", "{C0CACAF0-D9D3-4867-B233-06642E5AB349}"
EndProject
Project("{9A19103F-16F7-4668-BE54-9A1E7A4F7556}") = "TopShop.Domain", "..\TopShop.Domain\TopShop.Domain.csproj", "{0D953CAC-127D-4EFD-8789-1E48902A527C}"
EndProject
Project("{9A19103F-16F7-4668-BE54-9A1E7A4F7556}") = "TopShop.Application", "..\TopShop.Application\TopShop.Application.csproj", "{09144F4F-A980-444A-84A8-D41BA1F9A2A3}"
EndProject
Project("{9A19103F-16F7-4668-BE54-9A1E7A4F7556}") = "TopShop.Implementation", "..\TopShop.Implementation\TopShop.Implementation.csproj", "{0CFFB424-940F-440F-B017-AA28F9676125}"
EndProject
Global
	GlobalSection(SolutionConfigurationPlatforms) = preSolution
		Debug|Any CPU = Debug|Any CPU
		Release|Any CPU = Release|Any CPU
	EndGlobalSection
	GlobalSection(ProjectConfigurationPlatforms) = postSolution
		{8AEB8CFF-40DD-4FCB-9BC6-810595CCA3D2}.Debug|Any CPU.ActiveCfg = Debug|Any CPU
		{8AEB8CFF-40DD-4FCB-9BC6-810595CCA3D2}.Debug|Any CPU.Build.0 = Debug|Any CPU
		{8AEB8CFF-40DD-4FCB-9BC6-810595CCA3D2}.Release|Any CPU.ActiveCfg = Release|Any CPU
		{8AEB8CFF-40DD-4FCB-9BC6-810595CCA3D2}.Release|Any CPU.Build.0 = Release|Any CPU
		{C0CACAF0-D9D3-4867-B233-06642E5AB349}.Debug|Any CPU.ActiveCfg = Debug|Any CPU
		{C0CACAF0-D9D3-4867-B233-06642E5AB349}.Debug|Any CPU.Build.0 = Debug|Any CPU
		{C0CACAF0-D9D3-4867-B233-06642E5AB349}.Release|Any CPU.ActiveCfg = Release|Any CPU
		{C0CACAF0-D9D3-4867-B233-06642E5AB349}.Release|Any CPU.Build.0 = Release|Any CPU
		{0D953CAC-127D-4EFD-8789-1E48902A527C}.Debug|Any CPU.ActiveCfg = Debug|Any CPU
		{0D953CAC-127D-4EFD-8789-1E48902A527C}.Debug|Any CPU.Build.0 = Debug|Any CPU
		{0D953CAC-127D-4EFD-8789-1E48902A527C}.Release|Any CPU.ActiveCfg = Release|Any CPU
		{0D953CAC-127D-4EFD-8789-1E48902A527C}.Release|Any CPU.Build.0 = Release|Any CPU
		{09144F4F-A980-444A-84A8-D41BA1F9A2A3}.Debug|Any CPU.ActiveCfg = Debug|Any CPU
		{09144F4F-A980-444A-84A8-D41BA1F9A2A3}.Debug|Any CPU.Build.0 = Debug|Any CPU
		{09144F4F-A980-444A-84A8-D41BA1F9A2A3}.Release|Any CPU.ActiveCfg = Release|Any CPU
		{09144F4F-A980-444A-84A8-D41BA1F9A2A3}.Release|Any CPU.Build.0 = Release|Any CPU
		{0CFFB424-940F-440F-B017-AA28F9676125}.Debug|Any CPU.ActiveCfg = Debug|Any CPU
		{0CFFB424-940F-440F-B017-AA28F9676125}.Debug|Any CPU.Build.0 = Debug|Any CPU
		{0CFFB424-940F-440F-B017-AA28F9676125}.Release|Any CPU.ActiveCfg = Release|Any CPU
		{0CFFB424-940F-440F-B017-AA28F9676125}.Release|Any CPU.Build.0 = Release|Any CPU
	EndGlobalSection
	GlobalSection(SolutionProperties) = preSolution
		HideSolutionNode = FALSE
	EndGlobalSection
	GlobalSection(ExtensibilityGlobals) = postSolution
		SolutionGuid = {94DF5B22-E30F-4E6A-B17C-3F4EF35D7B10}
	EndGlobalSection
EndGlobal
